
Microsoft Visual Studio Solution File, Format Version 12.00
# Visual Studio Version 17
VisualStudioVersion = 17.11.35222.181
MinimumVisualStudioVersion = 10.0.40219.1
Project("{FAE04EC0-301F-11D3-BF4B-00C04F79EFBC}") = "Assignment2_study", "Assignment2_study.csproj", "{B8B29C50-5BB5-4774-B06E-7B1D206E004F}"
EndProject
Global
	GlobalSection(SolutionConfigurationPlatforms) = preSolution
		Debug|Any CPU = Debug|Any CPU
		Release|Any CPU = Release|Any CPU
	EndGlobalSection
	GlobalSection(ProjectConfigurationPlatforms) = postSolution
		{B8B29C50-5BB5-4774-B06E-7B1D206E004F}.Debug|Any CPU.ActiveCfg = Debug|Any CPU
		{B8B29C50-5BB5-4774-B06E-7B1D206E004F}.Debug|Any CPU.Build.0 = Debug|Any CPU
		{B8B29C50-5BB5-4774-B06E-7B1D206E004F}.Release|Any CPU.ActiveCfg = Release|Any CPU
		{B8B29C50-5BB5-4774-B06E-7B1D206E004F}.Release|Any CPU.Build.0 = Release|Any CPU
	EndGlobalSection
	GlobalSection(SolutionProperties) = preSolution
		HideSolutionNode = FALSE
	EndGlobalSection
	GlobalSection(ExtensibilityGlobals) = postSolution
		SolutionGuid = {32965ABA-BB03-45D9-829C-89EBC62B0CEA}
	EndGlobalSection
EndGlobal
